version: v1.7.3
dependencies:
  - name: cert-manager
    repository: https://charts.jetstack.io
    version: v1.15.3
  - name: gatekeeper
    repository: https://open-policy-agent.github.io/gatekeeper/charts
    version: 3.17.2
  - name: keda
    repository: https://kedacore.github.io/charts
    version: 2.15.1
  - name: kube-prometheus-stack
    repository: https://prometheus-community.github.io/helm-charts
    version: 65.1.0
  - name: polaris
    repository: https://downloads.apache.org/polaris/helm-chart/
    version: 1.7.0
  - name: redpanda
    repository: https://charts.redpanda.com
    version: 5.9.5
  - name: traefik
    repository: https://traefik.github.io/charts
    version: 30.1.0
digest: sha256:dbae65a3aa460c2fddaf2679b335678833071c5c5141bbd20735a22b810ea5c9
generated: "2026-08-15T01:50:52.543377-03:00"
